
Microsoft Visual Studio Solution File, Format Version 12.00
# Visual Studio Version 17
VisualStudioVersion = 17.14.36414.22 d17.14
MinimumVisualStudioVersion = 10.0.40219.1
Project("{FAE04EC0-301F-11D3-BF4B-00C04F79EFBC}") = "HelloGit", "HelloGit\HelloGit.csproj", "{9466900E-C1BA-4BDD-9903-36B6C50C583E}"
EndProject
Global
	GlobalSection(SolutionConfigurationPlatforms) = preSolution
		Debug|Any CPU = Debug|Any CPU
		Release|Any CPU = Release|Any CPU
	EndGlobalSection
	GlobalSection(ProjectConfigurationPlatforms) = postSolution
		{9466900E-C1BA-4BDD-9903-36B6C50C583E}.Debug|Any CPU.ActiveCfg = Debug|Any CPU
		{9466900E-C1BA-4BDD-9903-36B6C50C583E}.Debug|Any CPU.Build.0 = Debug|Any CPU
		{9466900E-C1BA-4BDD-9903-36B6C50C583E}.Release|Any CPU.ActiveCfg = Release|Any CPU
		{9466900E-C1BA-4BDD-9903-36B6C50C583E}.Release|Any CPU.Build.0 = Release|Any CPU
	EndGlobalSection
	GlobalSection(SolutionProperties) = preSolution
		HideSolutionNode = FALSE
	EndGlobalSection
	GlobalSection(ExtensibilityGlobals) = postSolution
		SolutionGuid = {025C16B2-B799-4FF6-A696-19C58409B674}
	EndGlobalSection
EndGlobal
